{
  "name": "gimatrya",
  "version": "1.0.3",
  "lockfileVersion": 2,
  "requires": true,
  "packages": {
    "": {
      "name": "gimatrya",
      "version": "1.0.3",
      "license": "ISC",
      "dependencies": {
        "gimatrya": "^1.0.3"
      }
    },
    "node_modules/gimatrya": {
      "version": "1.0.3",
      "resolved": "https://registry.npmjs.org/gimatrya/-/gimatrya-1.0.3.tgz",
      "integrity": "sha512-fjh5YiP12qpj+G2AAoKYBGLwovGmHMOb2L0kxEuWj+YGqMkB3ej2Et0gP1Q+Wgwv6Lb8Vb8Cu51X10D9fSyUag==",
      "dependencies": {
        "gimatrya": "^1.0.2"
      }
    }
  },
  "dependencies": {
    "gimatrya": {
      "version": "1.0.3",
      "resolved": "https://registry.npmjs.org/gimatrya/-/gimatrya-1.0.3.tgz",
      "integrity": "sha512-fjh5YiP12qpj+G2AAoKYBGLwovGmHMOb2L0kxEuWj+YGqMkB3ej2Et0gP1Q+Wgwv6Lb8Vb8Cu51X10D9fSyUag==",
      "requires": {
        "gimatrya": "^1.0.2"
      }
    }
  }
}
